// !$*UTF8*$!
{
	archiveVersion = 1;
	classes = {
	};
	objectVersion = 56;
	objects = {

/* Begin PBXBuildFile section */
		3F04C3F22CBD04C400EDB41E /* LandmarksApp.swift in Sources */ = {isa = PBXBuildFile; fileRef = 3F04C3F12CBD04C400EDB41E /* LandmarksApp.swift */; };
		3F04C3F42CBD04C400EDB41E /* ContentView.swift in Sources */ = {isa = PBXBuildFile; fileRef = 3F04C3F32CBD04C400EDB41E /* ContentView.swift */; };
		3F04C3F62CBD04C600EDB41E /* Assets.xcassets in Resources */ = {isa = PBXBuildFile; fileRef = 3F04C3F52CBD04C600EDB41E /* Assets.xcassets */; };
		3F04C3F92CBD04C600EDB41E /* Preview Assets.xcassets in Resources */ = {isa = PBXBuildFile; fileRef = 3F04C3F82CBD04C600EDB41E /* Preview Assets.xcassets */; };
		3F04C4002CBD0AAB00EDB41E /* CircleImage.swift in Sources */ = {isa = PBXBuildFile; fileRef = 3F04C3FF2CBD0AAB00EDB41E /* CircleImage.swift */; };
		3F04C4022CBD0BCC00EDB41E /* MapView.swift in Sources */ = {isa = PBXBuildFile; fileRef = 3F04C4012CBD0BCC00EDB41E /* MapView.swift */; };
		3F04C4042CBD13B500EDB41E /* landmarkData.json in Resources */ = {isa = PBXBuildFile; fileRef = 3F04C4032CBD13B500EDB41E /* landmarkData.json */; };
		3F04C4062CBD13C800EDB41E /* Landmark.swift in Sources */ = {isa = PBXBuildFile; fileRef = 3F04C4052CBD13C800EDB41E /* Landmark.swift */; };
		3F04C4082CBD159500EDB41E /* ModelData.swift in Sources */ = {isa = PBXBuildFile; fileRef = 3F04C4072CBD159500EDB41E /* ModelData.swift */; };
		3F04C40D2CBD18A000EDB41E /* LandmarkRow.swift in Sources */ = {isa = PBXBuildFile; fileRef = 3F04C40C2CBD18A000EDB41E /* LandmarkRow.swift */; };
		3F04C40F2CBD1ECC00EDB41E /* LandmarkList.swift in Sources */ = {isa = PBXBuildFile; fileRef = 3F04C40E2CBD1ECC00EDB41E /* LandmarkList.swift */; };
		3F04C4112CBD21BF00EDB41E /* LandmarkDetail.swift in Sources */ = {isa = PBXBuildFile; fileRef = 3F04C4102CBD21BF00EDB41E /* LandmarkDetail.swift */; };
		3F04C4132CBE152700EDB41E /* FavoriteButton.swift in Sources */ = {isa = PBXBuildFile; fileRef = 3F04C4122CBE152700EDB41E /* FavoriteButton.swift */; };
		3F04C4172CBE50F600EDB41E /* HexagonParameters.swift in Sources */ = {isa = PBXBuildFile; fileRef = 3F04C4162CBE50F600EDB41E /* HexagonParameters.swift */; };
		3F04C4192CBE534600EDB41E /* BadgeBackground.swift in Sources */ = {isa = PBXBuildFile; fileRef = 3F04C4182CBE534600EDB41E /* BadgeBackground.swift */; };
		3F04C41B2CBE55EA00EDB41E /* BadgeSymbol.swift in Sources */ = {isa = PBXBuildFile; fileRef = 3F04C41A2CBE55EA00EDB41E /* BadgeSymbol.swift */; };
		3F04C41D2CBE564A00EDB41E /* RotatedBadgeSymbol.swift in Sources */ = {isa = PBXBuildFile; fileRef = 3F04C41C2CBE564A00EDB41E /* RotatedBadgeSymbol.swift */; };
		3F04C41F2CBE568700EDB41E /* Badge.swift in Sources */ = {isa = PBXBuildFile; fileRef = 3F04C41E2CBE568700EDB41E /* Badge.swift */; };
/* End PBXBuildFile section */

/* Begin PBXFileReference section */
		3F04C3EE2CBD04C400EDB41E /* Landmarks.app */ = {isa = PBXFileReference; explicitFileType = wrapper.application; includeInIndex = 0; path = Landmarks.app; sourceTree = BUILT_PRODUCTS_DIR; };
		3F04C3F12CBD04C400EDB41E /* LandmarksApp.swift */ = {isa = PBXFileReference; lastKnownFileType = sourcecode.swift; path = LandmarksApp.swift; sourceTree = "<group>"; };
		3F04C3F32CBD04C400EDB41E /* ContentView.swift */ = {isa = PBXFileReference; lastKnownFileType = sourcecode.swift; path = ContentView.swift; sourceTree = "<group>"; };
		3F04C3F52CBD04C600EDB41E /* Assets.xcassets */ = {isa = PBXFileReference; lastKnownFileType = folder.assetcatalog; path = Assets.xcassets; sourceTree = "<group>"; };
		3F04C3F82CBD04C600EDB41E /* Preview Assets.xcassets */ = {isa = PBXFileReference; lastKnownFileType = folder.assetcatalog; path = "Preview Assets.xcassets"; sourceTree = "<group>"; };
		3F04C3FF2CBD0AAB00EDB41E /* CircleImage.swift */ = {isa = PBXFileReference; lastKnownFileType = sourcecode.swift; path = CircleImage.swift; sourceTree = "<group>"; };
		3F04C4012CBD0BCC00EDB41E /* MapView.swift */ = {isa = PBXFileReference; lastKnownFileType = sourcecode.swift; path = MapView.swift; sourceTree = "<group>"; };
		3F04C4032CBD13B500EDB41E /* landmarkData.json */ = {isa = PBXFileReference; fileEncoding = 4; lastKnownFileType = text.json; path = landmarkData.json; sourceTree = "<group>"; };
		3F04C4052CBD13C800EDB41E /* Landmark.swift */ = {isa = PBXFileReference; lastKnownFileType = sourcecode.swift; path = Landmark.swift; sourceTree = "<group>"; };
		3F04C4072CBD159500EDB41E /* ModelData.swift */ = {isa = PBXFileReference; lastKnownFileType = sourcecode.swift; path = ModelData.swift; sourceTree = "<group>"; };
		3F04C40C2CBD18A000EDB41E /* LandmarkRow.swift */ = {isa = PBXFileReference; lastKnownFileType = sourcecode.swift; path = LandmarkRow.swift; sourceTree = "<group>"; };
		3F04C40E2CBD1ECC00EDB41E /* LandmarkList.swift */ = {isa = PBXFileReference; lastKnownFileType = sourcecode.swift; path = LandmarkList.swift; sourceTree = "<group>"; };
		3F04C4102CBD21BF00EDB41E /* LandmarkDetail.swift */ = {isa = PBXFileReference; lastKnownFileType = sourcecode.swift; path = LandmarkDetail.swift; sourceTree = "<group>"; };
		3F04C4122CBE152700EDB41E /* FavoriteButton.swift */ = {isa = PBXFileReference; lastKnownFileType = sourcecode.swift; path = FavoriteButton.swift; sourceTree = "<group>"; };
		3F04C4162CBE50F600EDB41E /* HexagonParameters.swift */ = {isa = PBXFileReference; lastKnownFileType = sourcecode.swift; path = HexagonParameters.swift; sourceTree = "<group>"; };
		3F04C4182CBE534600EDB41E /* BadgeBackground.swift */ = {isa = PBXFileReference; lastKnownFileType = sourcecode.swift; path = BadgeBackground.swift; sourceTree = "<group>"; };
		3F04C41A2CBE55EA00EDB41E /* BadgeSymbol.swift */ = {isa = PBXFileReference; lastKnownFileType = sourcecode.swift; path = BadgeSymbol.swift; sourceTree = "<group>"; };
		3F04C41C2CBE564A00EDB41E /* RotatedBadgeSymbol.swift */ = {isa = PBXFileReference; lastKnownFileType = sourcecode.swift; path = RotatedBadgeSymbol.swift; sourceTree = "<group>"; };
		3F04C41E2CBE568700EDB41E /* Badge.swift */ = {isa = PBXFileReference; lastKnownFileType = sourcecode.swift; path = Badge.swift; sourceTree = "<group>"; };
/* End PBXFileReference section */

/* Begin PBXFrameworksBuildPhase section */
		3F04C3EB2CBD04C400EDB41E /* Frameworks */ = {
			isa = PBXFrameworksBuildPhase;
			buildActionMask = 2147483647;
			files = (
			);
			runOnlyForDeploymentPostprocessing = 0;
		};
/* End PBXFrameworksBuildPhase section */

/* Begin PBXGroup section */
		3F04C3E52CBD04C400EDB41E = {
			isa = PBXGroup;
			children = (
				3F04C3F02CBD04C400EDB41E /* Landmarks */,
				3F04C3EF2CBD04C400EDB41E /* Products */,
			);
			sourceTree = "<group>";
		};
		3F04C3EF2CBD04C400EDB41E /* Products */ = {
			isa = PBXGroup;
			children = (
				3F04C3EE2CBD04C400EDB41E /* Landmarks.app */,
			);
			name = Products;
			sourceTree = "<group>";
		};
		3F04C3F02CBD04C400EDB41E /* Landmarks */ = {
			isa = PBXGroup;
			children = (
				3F04C40B2CBD183300EDB41E /* Model */,
				3F04C40A2CBD182200EDB41E /* Resources */,
				3F04C4092CBD180100EDB41E /* Views */,
				3F04C3F12CBD04C400EDB41E /* LandmarksApp.swift */,
				3F04C3F72CBD04C600EDB41E /* Preview Content */,
			);
			path = Landmarks;
			sourceTree = "<group>";
		};
		3F04C3F72CBD04C600EDB41E /* Preview Content */ = {
			isa = PBXGroup;
			children = (
				3F04C3F82CBD04C600EDB41E /* Preview Assets.xcassets */,
			);
			path = "Preview Content";
			sourceTree = "<group>";
		};
		3F04C4092CBD180100EDB41E /* Views */ = {
			isa = PBXGroup;
			children = (
				3F04C4202CBE57E500EDB41E /* Badges */,
				3F04C4152CBE178700EDB41E /* Landmarks */,
				3F04C4142CBE176F00EDB41E /* Helper */,
				3F04C3F32CBD04C400EDB41E /* ContentView.swift */,
			);
			path = Views;
			sourceTree = "<group>";
		};
		3F04C40A2CBD182200EDB41E /* Resources */ = {
			isa = PBXGroup;
			children = (
				3F04C3F52CBD04C600EDB41E /* Assets.xcassets */,
				3F04C4032CBD13B500EDB41E /* landmarkData.json */,
			);
			path = Resources;
			sourceTree = "<group>";
		};
		3F04C40B2CBD183300EDB41E /* Model */ = {
			isa = PBXGroup;
			children = (
				3F04C4052CBD13C800EDB41E /* Landmark.swift */,
				3F04C4072CBD159500EDB41E /* ModelData.swift */,
			);
			path = Model;
			sourceTree = "<group>";
		};
		3F04C4142CBE176F00EDB41E /* Helper */ = {
			isa = PBXGroup;
			children = (
				3F04C3FF2CBD0AAB00EDB41E /* CircleImage.swift */,
				3F04C4012CBD0BCC00EDB41E /* MapView.swift */,
				3F04C4122CBE152700EDB41E /* FavoriteButton.swift */,
			);
			path = Helper;
			sourceTree = "<group>";
		};
		3F04C4152CBE178700EDB41E /* Landmarks */ = {
			isa = PBXGroup;
			children = (
				3F04C40C2CBD18A000EDB41E /* LandmarkRow.swift */,
				3F04C40E2CBD1ECC00EDB41E /* LandmarkList.swift */,
				3F04C4102CBD21BF00EDB41E /* LandmarkDetail.swift */,
			);
			path = Landmarks;
			sourceTree = "<group>";
		};
		3F04C4202CBE57E500EDB41E /* Badges */ = {
			isa = PBXGroup;
			children = (
				3F04C4162CBE50F600EDB41E /* HexagonParameters.swift */,
				3F04C4182CBE534600EDB41E /* BadgeBackground.swift */,
				3F04C41A2CBE55EA00EDB41E /* BadgeSymbol.swift */,
				3F04C41C2CBE564A00EDB41E /* RotatedBadgeSymbol.swift */,
				3F04C41E2CBE568700EDB41E /* Badge.swift */,
			);
			path = Badges;
			sourceTree = "<group>";
		};
/* End PBXGroup section */

/* Begin PBXNativeTarget section */
		3F04C3ED2CBD04C400EDB41E /* Landmarks */ = {
			isa = PBXNativeTarget;
			buildConfigurationList = 3F04C3FC2CBD04C600EDB41E /* Build configuration list for PBXNativeTarget "Landmarks" */;
			buildPhases = (
				3F04C3EA2CBD04C400EDB41E /* Sources */,
				3F04C3EB2CBD04C400EDB41E /* Frameworks */,
				3F04C3EC2CBD04C400EDB41E /* Resources */,
			);
			buildRules = (
			);
			dependencies = (
			);
			name = Landmarks;
			productName = Landmarks;
			productReference = 3F04C3EE2CBD04C400EDB41E /* Landmarks.app */;
			productType = "com.apple.product-type.application";
		};
/* End PBXNativeTarget section */

/* Begin PBXProject section */
		3F04C3E62CBD04C400EDB41E /* Project object */ = {
			isa = PBXProject;
			attributes = {
				BuildIndependentTargetsInParallel = 1;
				LastSwiftUpdateCheck = 1540;
				LastUpgradeCheck = 1540;
				TargetAttributes = {
					3F04C3ED2CBD04C400EDB41E = {
						CreatedOnToolsVersion = 15.4;
					};
				};
			};
			buildConfigurationList = 3F04C3E92CBD04C400EDB41E /* Build configuration list for PBXProject "Landmarks" */;
			compatibilityVersion = "Xcode 14.0";
			developmentRegion = en;
			hasScannedForEncodings = 0;
			knownRegions = (
				en,
				Base,
			);
			mainGroup = 3F04C3E52CBD04C400EDB41E;
			productRefGroup = 3F04C3EF2CBD04C400EDB41E /* Products */;
			projectDirPath = "";
			projectRoot = "";
			targets = (
				3F04C3ED2CBD04C400EDB41E /* Landmarks */,
			);
		};
/* End PBXProject section */

/* Begin PBXResourcesBuildPhase section */
		3F04C3EC2CBD04C400EDB41E /* Resources */ = {
			isa = PBXResourcesBuildPhase;
			buildActionMask = 2147483647;
			files = (
				3F04C3F92CBD04C600EDB41E /* Preview Assets.xcassets in Resources */,
				3F04C3F62CBD04C600EDB41E /* Assets.xcassets in Resources */,
				3F04C4042CBD13B500EDB41E /* landmarkData.json in Resources */,
			);
			runOnlyForDeploymentPostprocessing = 0;
		};
/* End PBXResourcesBuildPhase section */

/* Begin PBXSourcesBuildPhase section */
		3F04C3EA2CBD04C400EDB41E /* Sources */ = {
			isa = PBXSourcesBuildPhase;
			buildActionMask = 2147483647;
			files = (
				3F04C3F42CBD04C400EDB41E /* ContentView.swift in Sources */,
				3F04C41F2CBE568700EDB41E /* Badge.swift in Sources */,
				3F04C4022CBD0BCC00EDB41E /* MapView.swift in Sources */,
				3F04C3F22CBD04C400EDB41E /* LandmarksApp.swift in Sources */,
				3F04C4132CBE152700EDB41E /* FavoriteButton.swift in Sources */,
				3F04C4172CBE50F600EDB41E /* HexagonParameters.swift in Sources */,
				3F04C41D2CBE564A00EDB41E /* RotatedBadgeSymbol.swift in Sources */,
				3F04C41B2CBE55EA00EDB41E /* BadgeSymbol.swift in Sources */,
				3F04C40F2CBD1ECC00EDB41E /* LandmarkList.swift in Sources */,
				3F04C4112CBD21BF00EDB41E /* LandmarkDetail.swift in Sources */,
				3F04C4192CBE534600EDB41E /* BadgeBackground.swift in Sources */,
				3F04C4002CBD0AAB00EDB41E /* CircleImage.swift in Sources */,
				3F04C4062CBD13C800EDB41E /* Landmark.swift in Sources */,
				3F04C40D2CBD18A000EDB41E /* LandmarkRow.swift in Sources */,
				3F04C4082CBD159500EDB41E /* ModelData.swift in Sources */,
			);
			runOnlyForDeploymentPostprocessing = 0;
		};
/* End PBXSourcesBuildPhase section */

/* Begin XCBuildConfiguration section */
		3F04C3FA2CBD04C600EDB41E /* Debug */ = {
			isa = XCBuildConfiguration;
			buildSettings = {
				ALWAYS_SEARCH_USER_PATHS = NO;
				ASSETCATALOG_COMPILER_GENERATE_SWIFT_ASSET_SYMBOL_EXTENSIONS = YES;
				CLANG_ANALYZER_NONNULL = YES;
				CLANG_ANALYZER_NUMBER_OBJECT_CONVERSION = YES_AGGRESSIVE;
				CLANG_CXX_LANGUAGE_STANDARD = "gnu++20";
				CLANG_ENABLE_MODULES = YES;
				CLANG_ENABLE_OBJC_ARC = YES;
				CLANG_ENABLE_OBJC_WEAK = YES;
				CLANG_WARN_BLOCK_CAPTURE_AUTORELEASING = YES;
				CLANG_WARN_BOOL_CONVERSION = YES;
				CLANG_WARN_COMMA = YES;
				CLANG_WARN_CONSTANT_CONVERSION = YES;
				CLANG_WARN_DEPRECATED_OBJC_IMPLEMENTATIONS = YES;
				CLANG_WARN_DIRECT_OBJC_ISA_USAGE = YES_ERROR;
				CLANG_WARN_DOCUMENTATION_COMMENTS = YES;
				CLANG_WARN_EMPTY_BODY = YES;
				CLANG_WARN_ENUM_CONVERSION = YES;
				CLANG_WARN_INFINITE_RECURSION = YES;
				CLANG_WARN_INT_CONVERSION = YES;
				CLANG_WARN_NON_LITERAL_NULL_CONVERSION = YES;
				CLANG_WARN_OBJC_IMPLICIT_RETAIN_SELF = YES;
				CLANG_WARN_OBJC_LITERAL_CONVERSION = YES;
				CLANG_WARN_OBJC_ROOT_CLASS = YES_ERROR;
				CLANG_WARN_QUOTED_INCLUDE_IN_FRAMEWORK_HEADER = YES;
				CLANG_WARN_RANGE_LOOP_ANALYSIS = YES;
				CLANG_WARN_STRICT_PROTOTYPES = YES;
				CLANG_WARN_SUSPICIOUS_MOVE = YES;
				CLANG_WARN_UNGUARDED_AVAILABILITY = YES_AGGRESSIVE;
				CLANG_WARN_UNREACHABLE_CODE = YES;
				CLANG_WARN__DUPLICATE_METHOD_MATCH = YES;
				COPY_PHASE_STRIP = NO;
				DEBUG_INFORMATION_FORMAT = dwarf;
				ENABLE_STRICT_OBJC_MSGSEND = YES;
				ENABLE_TESTABILITY = YES;
				ENABLE_USER_SCRIPT_SANDBOXING = YES;
				GCC_C_LANGUAGE_STANDARD = gnu17;
				GCC_DYNAMIC_NO_PIC = NO;
				GCC_NO_COMMON_BLOCKS = YES;
				GCC_OPTIMIZATION_LEVEL = 0;
				GCC_PREPROCESSOR_DEFINITIONS = (
					"DEBUG=1",
					"$(inherited)",
				);
				GCC_WARN_64_TO_32_BIT_CONVERSION = YES;
				GCC_WARN_ABOUT_RETURN_TYPE = YES_ERROR;
				GCC_WARN_UNDECLARED_SELECTOR = YES;
				GCC_WARN_UNINITIALIZED_AUTOS = YES_AGGRESSIVE;
				GCC_WARN_UNUSED_FUNCTION = YES;
				GCC_WARN_UNUSED_VARIABLE = YES;
				IPHONEOS_DEPLOYMENT_TARGET = 17.5;
				LOCALIZATION_PREFERS_STRING_CATALOGS = YES;
				MTL_ENABLE_DEBUG_INFO = INCLUDE_SOURCE;
				MTL_FAST_MATH = YES;
				ONLY_ACTIVE_ARCH = YES;
				SDKROOT = iphoneos;
				SWIFT_ACTIVE_COMPILATION_CONDITIONS = "DEBUG $(inherited)";
				SWIFT_OPTIMIZATION_LEVEL = "-Onone";
			};
			name = Debug;
		};
		3F04C3FB2CBD04C600EDB41E /* Release */ = {
			isa = XCBuildConfiguration;
			buildSettings = {
				ALWAYS_SEARCH_USER_PATHS = NO;
				ASSETCATALOG_COMPILER_GENERATE_SWIFT_ASSET_SYMBOL_EXTENSIONS = YES;
				CLANG_ANALYZER_NONNULL = YES;
				CLANG_ANALYZER_NUMBER_OBJECT_CONVERSION = YES_AGGRESSIVE;
				CLANG_CXX_LANGUAGE_STANDARD = "gnu++20";
				CLANG_ENABLE_MODULES = YES;
				CLANG_ENABLE_OBJC_ARC = YES;
				CLANG_ENABLE_OBJC_WEAK = YES;
				CLANG_WARN_BLOCK_CAPTURE_AUTORELEASING = YES;
				CLANG_WARN_BOOL_CONVERSION = YES;
				CLANG_WARN_COMMA = YES;
				CLANG_WARN_CONSTANT_CONVERSION = YES;
				CLANG_WARN_DEPRECATED_OBJC_IMPLEMENTATIONS = YES;
				CLANG_WARN_DIRECT_OBJC_ISA_USAGE = YES_ERROR;
				CLANG_WARN_DOCUMENTATION_COMMENTS = YES;
				CLANG_WARN_EMPTY_BODY = YES;
				CLANG_WARN_ENUM_CONVERSION = YES;
				CLANG_WARN_INFINITE_RECURSION = YES;
				CLANG_WARN_INT_CONVERSION = YES;
				CLANG_WARN_NON_LITERAL_NULL_CONVERSION = YES;
				CLANG_WARN_OBJC_IMPLICIT_RETAIN_SELF = YES;
				CLANG_WARN_OBJC_LITERAL_CONVERSION = YES;
				CLANG_WARN_OBJC_ROOT_CLASS = YES_ERROR;
				CLANG_WARN_QUOTED_INCLUDE_IN_FRAMEWORK_HEADER = YES;
				CLANG_WARN_RANGE_LOOP_ANALYSIS = YES;
				CLANG_WARN_STRICT_PROTOTYPES = YES;
				CLANG_WARN_SUSPICIOUS_MOVE = YES;
				CLANG_WARN_UNGUARDED_AVAILABILITY = YES_AGGRESSIVE;
				CLANG_WARN_UNREACHABLE_CODE = YES;
				CLANG_WARN__DUPLICATE_METHOD_MATCH = YES;
				COPY_PHASE_STRIP = NO;
				DEBUG_INFORMATION_FORMAT = "dwarf-with-dsym";
				ENABLE_NS_ASSERTIONS = NO;
				ENABLE_STRICT_OBJC_MSGSEND = YES;
				ENABLE_USER_SCRIPT_SANDBOXING = YES;
				GCC_C_LANGUAGE_STANDARD = gnu17;
				GCC_NO_COMMON_BLOCKS = YES;
				GCC_WARN_64_TO_32_BIT_CONVERSION = YES;
				GCC_WARN_ABOUT_RETURN_TYPE = YES_ERROR;
				GCC_WARN_UNDECLARED_SELECTOR = YES;
				GCC_WARN_UNINITIALIZED_AUTOS = YES_AGGRESSIVE;
				GCC_WARN_UNUSED_FUNCTION = YES;
				GCC_WARN_UNUSED_VARIABLE = YES;
				IPHONEOS_DEPLOYMENT_TARGET = 17.5;
				LOCALIZATION_PREFERS_STRING_CATALOGS = YES;
				MTL_ENABLE_DEBUG_INFO = NO;
				MTL_FAST_MATH = YES;
				SDKROOT = iphoneos;
				SWIFT_COMPILATION_MODE = wholemodule;
				VALIDATE_PRODUCT = YES;
			};
			name = Release;
		};
		3F04C3FD2CBD04C600EDB41E /* Debug */ = {
			isa = XCBuildConfiguration;
			buildSettings = {
				ASSETCATALOG_COMPILER_APPICON_NAME = AppIcon;
				ASSETCATALOG_COMPILER_GLOBAL_ACCENT_COLOR_NAME = AccentColor;
				CODE_SIGN_STYLE = Automatic;
				CURRENT_PROJECT_VERSION = 1;
				DEVELOPMENT_ASSET_PATHS = "\"Landmarks/Preview Content\"";
				DEVELOPMENT_TEAM = 9Z9X85XGHK;
				ENABLE_PREVIEWS = YES;
				GENERATE_INFOPLIST_FILE = YES;
				INFOPLIST_KEY_UIApplicationSceneManifest_Generation = YES;
				INFOPLIST_KEY_UIApplicationSupportsIndirectInputEvents = YES;
				INFOPLIST_KEY_UILaunchScreen_Generation = YES;
				INFOPLIST_KEY_UISupportedInterfaceOrientations_iPad = "UIInterfaceOrientationPortrait UIInterfaceOrientationPortraitUpsideDown UIInterfaceOrientationLandscapeLeft UIInterfaceOrientationLandscapeRight";
				INFOPLIST_KEY_UISupportedInterfaceOrientations_iPhone = "UIInterfaceOrientationPortrait UIInterfaceOrientationLandscapeLeft UIInterfaceOrientationLandscapeRight";
				LD_RUNPATH_SEARCH_PATHS = (
					"$(inherited)",
					"@executable_path/Frameworks",
				);
				MARKETING_VERSION = 1.0;
				PRODUCT_BUNDLE_IDENTIFIER = com.luseike.Landmarks;
				PRODUCT_NAME = "$(TARGET_NAME)";
				SWIFT_EMIT_LOC_STRINGS = YES;
				SWIFT_VERSION = 5.0;
				TARGETED_DEVICE_FAMILY = "1,2";
			};
			name = Debug;
		};
		3F04C3FE2CBD04C600EDB41E /* Release */ = {
			isa = XCBuildConfiguration;
			buildSettings = {
				ASSETCATALOG_COMPILER_APPICON_NAME = AppIcon;
				ASSETCATALOG_COMPILER_GLOBAL_ACCENT_COLOR_NAME = AccentColor;
				CODE_SIGN_STYLE = Automatic;
				CURRENT_PROJECT_VERSION = 1;
				DEVELOPMENT_ASSET_PATHS = "\"Landmarks/Preview Content\"";
				DEVELOPMENT_TEAM = 9Z9X85XGHK;
				ENABLE_PREVIEWS = YES;
				GENERATE_INFOPLIST_FILE = YES;
				INFOPLIST_KEY_UIApplicationSceneManifest_Generation = YES;
				INFOPLIST_KEY_UIApplicationSupportsIndirectInputEvents = YES;
				INFOPLIST_KEY_UILaunchScreen_Generation = YES;
				INFOPLIST_KEY_UISupportedInterfaceOrientations_iPad = "UIInterfaceOrientationPortrait UIInterfaceOrientationPortraitUpsideDown UIInterfaceOrientationLandscapeLeft UIInterfaceOrientationLandscapeRight";
				INFOPLIST_KEY_UISupportedInterfaceOrientations_iPhone = "UIInterfaceOrientationPortrait UIInterfaceOrientationLandscapeLeft UIInterfaceOrientationLandscapeRight";
				LD_RUNPATH_SEARCH_PATHS = (
					"$(inherited)",
					"@executable_path/Frameworks",
				);
				MARKETING_VERSION = 1.0;
				PRODUCT_BUNDLE_IDENTIFIER = com.luseike.Landmarks;
				PRODUCT_NAME = "$(TARGET_NAME)";
				SWIFT_EMIT_LOC_STRINGS = YES;
				SWIFT_VERSION = 5.0;
				TARGETED_DEVICE_FAMILY = "1,2";
			};
			name = Release;
		};
/* End XCBuildConfiguration section */

/* Begin XCConfigurationList section */
		3F04C3E92CBD04C400EDB41E /* Build configuration list for PBXProject "Landmarks" */ = {
			isa = XCConfigurationList;
			buildConfigurations = (
				3F04C3FA2CBD04C600EDB41E /* Debug */,
				3F04C3FB2CBD04C600EDB41E /* Release */,
			);
			defaultConfigurationIsVisible = 0;
			defaultConfigurationName = Release;
		};
		3F04C3FC2CBD04C600EDB41E /* Build configuration list for PBXNativeTarget "Landmarks" */ = {
			isa = XCConfigurationList;
			buildConfigurations = (
				3F04C3FD2CBD04C600EDB41E /* Debug */,
				3F04C3FE2CBD04C600EDB41E /* Release */,
			);
			defaultConfigurationIsVisible = 0;
			defaultConfigurationName = Release;
		};
/* End XCConfigurationList section */
	};
	rootObject = 3F04C3E62CBD04C400EDB41E /* Project object */;
}
